
Microsoft Visual Studio Solution File, Format Version 12.00
# Visual Studio Version 16
VisualStudioVersion = 16.0.30804.86
MinimumVisualStudioVersion = 10.0.40219.1
Project("{FAE04EC0-301F-11D3-BF4B-00C04F79EFBC}") = "BookStore.API", "src\BookStore.API\BookStore.API.csproj", "{6EBE2634-052E-497C-809A-BDC601F9E161}"
EndProject
Project("{FAE04EC0-301F-11D3-BF4B-00C04F79EFBC}") = "BookStore.Domain", "src\BookStore.Domain\BookStore.Domain.csproj", "{AC9A342F-8D53-4E28-B30C-36E5E4FAEE63}"
EndProject
Project("{FAE04EC0-301F-11D3-BF4B-00C04F79EFBC}") = "BookStore.Infrastructure", "src\BookStore.Infrastructure\BookStore.Infrastructure.csproj", "{1E2A7439-FEF6-42B6-936E-F31558FA825B}"
EndProject
Global
	GlobalSection(SolutionConfigurationPlatforms) = preSolution
		Debug|Any CPU = Debug|Any CPU
		Release|Any CPU = Release|Any CPU
	EndGlobalSection
	GlobalSection(ProjectConfigurationPlatforms) = postSolution
		{6EBE2634-052E-497C-809A-BDC601F9E161}.Debug|Any CPU.ActiveCfg = Debug|Any CPU
		{6EBE2634-052E-497C-809A-BDC601F9E161}.Debug|Any CPU.Build.0 = Debug|Any CPU
		{6EBE2634-052E-497C-809A-BDC601F9E161}.Release|Any CPU.ActiveCfg = Release|Any CPU
		{6EBE2634-052E-497C-809A-BDC601F9E161}.Release|Any CPU.Build.0 = Release|Any CPU
		{AC9A342F-8D53-4E28-B30C-36E5E4FAEE63}.Debug|Any CPU.ActiveCfg = Debug|Any CPU
		{AC9A342F-8D53-4E28-B30C-36E5E4FAEE63}.Debug|Any CPU.Build.0 = Debug|Any CPU
		{AC9A342F-8D53-4E28-B30C-36E5E4FAEE63}.Release|Any CPU.ActiveCfg = Release|Any CPU
		{AC9A342F-8D53-4E28-B30C-36E5E4FAEE63}.Release|Any CPU.Build.0 = Release|Any CPU
		{1E2A7439-FEF6-42B6-936E-F31558FA825B}.Debug|Any CPU.ActiveCfg = Debug|Any CPU
		{1E2A7439-FEF6-42B6-936E-F31558FA825B}.Debug|Any CPU.Build.0 = Debug|Any CPU
		{1E2A7439-FEF6-42B6-936E-F31558FA825B}.Release|Any CPU.ActiveCfg = Release|Any CPU
		{1E2A7439-FEF6-42B6-936E-F31558FA825B}.Release|Any CPU.Build.0 = Release|Any CPU
	EndGlobalSection
	GlobalSection(SolutionProperties) = preSolution
		HideSolutionNode = FALSE
	EndGlobalSection
	GlobalSection(ExtensibilityGlobals) = postSolution
		SolutionGuid = {FC6DF3C0-823C-46A8-BB28-92097A5A9C36}
	EndGlobalSection
EndGlobal
